
Microsoft Visual Studio Solution File, Format Version 12.00
# Visual Studio Version 16
VisualStudioVersion = 16.0.31019.35
MinimumVisualStudioVersion = 10.0.40219.1
Project("{9A19103F-16F7-4668-BE54-9A1E7A4F7556}") = "chapter1", "chp1\chapter1.csproj", "{BE5A7F26-522E-438E-81DE-766BC260B5B0}"
EndProject
Project("{9A19103F-16F7-4668-BE54-9A1E7A4F7556}") = "exercises", "chp2\exercises.csproj", "{A6296BD9-3863-4E50-83A3-1BC64C0EBBCE}"
EndProject
Project("{FAE04EC0-301F-11D3-BF4B-00C04F79EFBC}") = "chapter2", "chapter2\chapter2.csproj", "{1C052BDE-79B7-4CC2-B0C8-466877BDADA5}"
EndProject
Project("{FAE04EC0-301F-11D3-BF4B-00C04F79EFBC}") = "chapter3", "chater3\chapter3.csproj", "{CF29AEC3-201E-40B6-9F05-C18E1D0AE812}"
EndProject
Project("{FAE04EC0-301F-11D3-BF4B-00C04F79EFBC}") = "Amazon", "Amazon\Amazon.csproj", "{2790C24D-F279-4E7A-8C42-4FC15EC5BF6C}"
EndProject
Project("{FAE04EC0-301F-11D3-BF4B-00C04F79EFBC}") = "override_abstract_sealed", "chapter4\override_abstract_sealed.csproj", "{C6456AE3-B091-4040-9FE6-4A8266064C9E}"
EndProject
Project("{FAE04EC0-301F-11D3-BF4B-00C04F79EFBC}") = "interfaces", "interfaces\interfaces.csproj", "{2F972F0D-B9C8-4D4F-953A-FAB942FC5F46}"
EndProject
Project("{FAE04EC0-301F-11D3-BF4B-00C04F79EFBC}") = "Generics", "Generics\Generics.csproj", "{D0DF992C-FCBD-44AF-92C3-2B0513B3D753}"
EndProject
Project("{FAE04EC0-301F-11D3-BF4B-00C04F79EFBC}") = "Delegates", "Delegates\Delegates.csproj", "{46104381-C62B-4F56-A047-50053E9696BF}"
EndProject
Project("{FAE04EC0-301F-11D3-BF4B-00C04F79EFBC}") = "Lambda", "Lambda\Lambda.csproj", "{8631704C-9554-42C8-9E10-A680B62260B2}"
EndProject
Project("{FAE04EC0-301F-11D3-BF4B-00C04F79EFBC}") = "Events_Delegates", "Events_Delegates\Events_Delegates.csproj", "{4435FD8A-DC37-4993-A8ED-A86157881533}"
EndProject
Project("{FAE04EC0-301F-11D3-BF4B-00C04F79EFBC}") = "Extenstion_Methods", "Extenstion_Methods\Extenstion_Methods.csproj", "{BE7512E6-3193-4603-ACBC-803D7F518390}"
EndProject
Project("{FAE04EC0-301F-11D3-BF4B-00C04F79EFBC}") = "Linq", "Linq\Linq.csproj", "{0129644F-EC02-4D2B-8361-C730112E0B9F}"
EndProject
Project("{FAE04EC0-301F-11D3-BF4B-00C04F79EFBC}") = "Nullable_Types", "Nullable_Types\Nullable_Types.csproj", "{8B3092A4-A45A-4B79-A9CE-C78890148D6F}"
EndProject
Project("{FAE04EC0-301F-11D3-BF4B-00C04F79EFBC}") = "Exeption__Handaling", "Exeption__Handaling\Exeption__Handaling.csproj", "{3D828553-D689-45EF-8D66-9462E485EBB1}"
EndProject
Project("{FAE04EC0-301F-11D3-BF4B-00C04F79EFBC}") = "Async_Await", "Async_Await\Async_Await.csproj", "{17D1695B-36C5-41F4-841C-8C6779EF952D}"
EndProject
Global
	GlobalSection(SolutionConfigurationPlatforms) = preSolution
		Debug|Any CPU = Debug|Any CPU
		Release|Any CPU = Release|Any CPU
	EndGlobalSection
	GlobalSection(ProjectConfigurationPlatforms) = postSolution
		{BE5A7F26-522E-438E-81DE-766BC260B5B0}.Debug|Any CPU.ActiveCfg = Debug|Any CPU
		{BE5A7F26-522E-438E-81DE-766BC260B5B0}.Debug|Any CPU.Build.0 = Debug|Any CPU
		{BE5A7F26-522E-438E-81DE-766BC260B5B0}.Release|Any CPU.ActiveCfg = Release|Any CPU
		{BE5A7F26-522E-438E-81DE-766BC260B5B0}.Release|Any CPU.Build.0 = Release|Any CPU
		{A6296BD9-3863-4E50-83A3-1BC64C0EBBCE}.Debug|Any CPU.ActiveCfg = Debug|Any CPU
		{A6296BD9-3863-4E50-83A3-1BC64C0EBBCE}.Debug|Any CPU.Build.0 = Debug|Any CPU
		{A6296BD9-3863-4E50-83A3-1BC64C0EBBCE}.Release|Any CPU.ActiveCfg = Release|Any CPU
		{A6296BD9-3863-4E50-83A3-1BC64C0EBBCE}.Release|Any CPU.Build.0 = Release|Any CPU
		{1C052BDE-79B7-4CC2-B0C8-466877BDADA5}.Debug|Any CPU.ActiveCfg = Debug|Any CPU
		{1C052BDE-79B7-4CC2-B0C8-466877BDADA5}.Debug|Any CPU.Build.0 = Debug|Any CPU
		{1C052BDE-79B7-4CC2-B0C8-466877BDADA5}.Release|Any CPU.ActiveCfg = Release|Any CPU
		{1C052BDE-79B7-4CC2-B0C8-466877BDADA5}.Release|Any CPU.Build.0 = Release|Any CPU
		{CF29AEC3-201E-40B6-9F05-C18E1D0AE812}.Debug|Any CPU.ActiveCfg = Debug|Any CPU
		{CF29AEC3-201E-40B6-9F05-C18E1D0AE812}.Debug|Any CPU.Build.0 = Debug|Any CPU
		{CF29AEC3-201E-40B6-9F05-C18E1D0AE812}.Release|Any CPU.ActiveCfg = Release|Any CPU
		{CF29AEC3-201E-40B6-9F05-C18E1D0AE812}.Release|Any CPU.Build.0 = Release|Any CPU
		{2790C24D-F279-4E7A-8C42-4FC15EC5BF6C}.Debug|Any CPU.ActiveCfg = Debug|Any CPU
		{2790C24D-F279-4E7A-8C42-4FC15EC5BF6C}.Debug|Any CPU.Build.0 = Debug|Any CPU
		{2790C24D-F279-4E7A-8C42-4FC15EC5BF6C}.Release|Any CPU.ActiveCfg = Release|Any CPU
		{2790C24D-F279-4E7A-8C42-4FC15EC5BF6C}.Release|Any CPU.Build.0 = Release|Any CPU
		{C6456AE3-B091-4040-9FE6-4A8266064C9E}.Debug|Any CPU.ActiveCfg = Debug|Any CPU
		{C6456AE3-B091-4040-9FE6-4A8266064C9E}.Debug|Any CPU.Build.0 = Debug|Any CPU
		{C6456AE3-B091-4040-9FE6-4A8266064C9E}.Release|Any CPU.ActiveCfg = Release|Any CPU
		{C6456AE3-B091-4040-9FE6-4A8266064C9E}.Release|Any CPU.Build.0 = Release|Any CPU
		{2F972F0D-B9C8-4D4F-953A-FAB942FC5F46}.Debug|Any CPU.ActiveCfg = Debug|Any CPU
		{2F972F0D-B9C8-4D4F-953A-FAB942FC5F46}.Debug|Any CPU.Build.0 = Debug|Any CPU
		{2F972F0D-B9C8-4D4F-953A-FAB942FC5F46}.Release|Any CPU.ActiveCfg = Release|Any CPU
		{2F972F0D-B9C8-4D4F-953A-FAB942FC5F46}.Release|Any CPU.Build.0 = Release|Any CPU
		{D0DF992C-FCBD-44AF-92C3-2B0513B3D753}.Debug|Any CPU.ActiveCfg = Debug|Any CPU
		{D0DF992C-FCBD-44AF-92C3-2B0513B3D753}.Debug|Any CPU.Build.0 = Debug|Any CPU
		{D0DF992C-FCBD-44AF-92C3-2B0513B3D753}.Release|Any CPU.ActiveCfg = Release|Any CPU
		{D0DF992C-FCBD-44AF-92C3-2B0513B3D753}.Release|Any CPU.Build.0 = Release|Any CPU
		{46104381-C62B-4F56-A047-50053E9696BF}.Debug|Any CPU.ActiveCfg = Debug|Any CPU
		{46104381-C62B-4F56-A047-50053E9696BF}.Debug|Any CPU.Build.0 = Debug|Any CPU
		{46104381-C62B-4F56-A047-50053E9696BF}.Release|Any CPU.ActiveCfg = Release|Any CPU
		{46104381-C62B-4F56-A047-50053E9696BF}.Release|Any CPU.Build.0 = Release|Any CPU
		{8631704C-9554-42C8-9E10-A680B62260B2}.Debug|Any CPU.ActiveCfg = Debug|Any CPU
		{8631704C-9554-42C8-9E10-A680B62260B2}.Debug|Any CPU.Build.0 = Debug|Any CPU
		{8631704C-9554-42C8-9E10-A680B62260B2}.Release|Any CPU.ActiveCfg = Release|Any CPU
		{8631704C-9554-42C8-9E10-A680B62260B2}.Release|Any CPU.Build.0 = Release|Any CPU
		{4435FD8A-DC37-4993-A8ED-A86157881533}.Debug|Any CPU.ActiveCfg = Debug|Any CPU
		{4435FD8A-DC37-4993-A8ED-A86157881533}.Debug|Any CPU.Build.0 = Debug|Any CPU
		{4435FD8A-DC37-4993-A8ED-A86157881533}.Release|Any CPU.ActiveCfg = Release|Any CPU
		{4435FD8A-DC37-4993-A8ED-A86157881533}.Release|Any CPU.Build.0 = Release|Any CPU
		{BE7512E6-3193-4603-ACBC-803D7F518390}.Debug|Any CPU.ActiveCfg = Debug|Any CPU
		{BE7512E6-3193-4603-ACBC-803D7F518390}.Debug|Any CPU.Build.0 = Debug|Any CPU
		{BE7512E6-3193-4603-ACBC-803D7F518390}.Release|Any CPU.ActiveCfg = Release|Any CPU
		{BE7512E6-3193-4603-ACBC-803D7F518390}.Release|Any CPU.Build.0 = Release|Any CPU
		{0129644F-EC02-4D2B-8361-C730112E0B9F}.Debug|Any CPU.ActiveCfg = Debug|Any CPU
		{0129644F-EC02-4D2B-8361-C730112E0B9F}.Debug|Any CPU.Build.0 = Debug|Any CPU
		{0129644F-EC02-4D2B-8361-C730112E0B9F}.Release|Any CPU.ActiveCfg = Release|Any CPU
		{0129644F-EC02-4D2B-8361-C730112E0B9F}.Release|Any CPU.Build.0 = Release|Any CPU
		{8B3092A4-A45A-4B79-A9CE-C78890148D6F}.Debug|Any CPU.ActiveCfg = Debug|Any CPU
		{8B3092A4-A45A-4B79-A9CE-C78890148D6F}.Debug|Any CPU.Build.0 = Debug|Any CPU
		{8B3092A4-A45A-4B79-A9CE-C78890148D6F}.Release|Any CPU.ActiveCfg = Release|Any CPU
		{8B3092A4-A45A-4B79-A9CE-C78890148D6F}.Release|Any CPU.Build.0 = Release|Any CPU
		{3D828553-D689-45EF-8D66-9462E485EBB1}.Debug|Any CPU.ActiveCfg = Debug|Any CPU
		{3D828553-D689-45EF-8D66-9462E485EBB1}.Debug|Any CPU.Build.0 = Debug|Any CPU
		{3D828553-D689-45EF-8D66-9462E485EBB1}.Release|Any CPU.ActiveCfg = Release|Any CPU
		{3D828553-D689-45EF-8D66-9462E485EBB1}.Release|Any CPU.Build.0 = Release|Any CPU
		{17D1695B-36C5-41F4-841C-8C6779EF952D}.Debug|Any CPU.ActiveCfg = Debug|Any CPU
		{17D1695B-36C5-41F4-841C-8C6779EF952D}.Debug|Any CPU.Build.0 = Debug|Any CPU
		{17D1695B-36C5-41F4-841C-8C6779EF952D}.Release|Any CPU.ActiveCfg = Release|Any CPU
		{17D1695B-36C5-41F4-841C-8C6779EF952D}.Release|Any CPU.Build.0 = Release|Any CPU
	EndGlobalSection
	GlobalSection(SolutionProperties) = preSolution
		HideSolutionNode = FALSE
	EndGlobalSection
	GlobalSection(ExtensibilityGlobals) = postSolution
		SolutionGuid = {3C1965F2-52FE-4001-A53D-13289CF8E8EE}
	EndGlobalSection
EndGlobal
